
Microsoft Visual Studio Solution File, Format Version 12.00
# Visual Studio Version 17
VisualStudioVersion = 17.5.33502.453
MinimumVisualStudioVersion = 10.0.40219.1
Project("{FAE04EC0-301F-11D3-BF4B-00C04F79EFBC}") = "ExplicitArchitectureStructureCreator", "ExplicitArchitectureStructureCreator.csproj", "{7EF30BB7-62E9-4244-9040-3C10363D7E4F}"
EndProject
Global
	GlobalSection(SolutionConfigurationPlatforms) = preSolution
		Debug|Any CPU = Debug|Any CPU
		Release|Any CPU = Release|Any CPU
	EndGlobalSection
	GlobalSection(ProjectConfigurationPlatforms) = postSolution
		{7EF30BB7-62E9-4244-9040-3C10363D7E4F}.Debug|Any CPU.ActiveCfg = Debug|Any CPU
		{7EF30BB7-62E9-4244-9040-3C10363D7E4F}.Debug|Any CPU.Build.0 = Debug|Any CPU
		{7EF30BB7-62E9-4244-9040-3C10363D7E4F}.Release|Any CPU.ActiveCfg = Release|Any CPU
		{7EF30BB7-62E9-4244-9040-3C10363D7E4F}.Release|Any CPU.Build.0 = Release|Any CPU
	EndGlobalSection
	GlobalSection(SolutionProperties) = preSolution
		HideSolutionNode = FALSE
	EndGlobalSection
	GlobalSection(ExtensibilityGlobals) = postSolution
		SolutionGuid = {4F96C65E-E5AB-4E76-AEA1-DD9557832096}
	EndGlobalSection
EndGlobal
